# This file is automatically @generated by Cargo.
# It is not intended for manual editing.
version = 4

[[package]]
name = "c2-core"
version = "0.1.0"
dependencies = [
 "c2-il",
 "c2-obj",
]

[[package]]
name = "c2-harness"
version = "0.1.0"
dependencies = [
 "c2-core",
 "c2-il",
 "c2-obj",
 "c2-reference",
]

[[package]]
name = "c2-il"
version = "0.1.0"

[[package]]
name = "c2-obj"
version = "0.1.0"

[[package]]
name = "c2-reference"
version = "0.1.0"
dependencies = [
 "c2-core",
 "c2-il",
 "c2-obj",
]
